
Microsoft Visual Studio Solution File, Format Version 12.00
# Visual Studio Version 16
VisualStudioVersion = 16.0.32002.261
MinimumVisualStudioVersion = 10.0.40219.1
Project("{FAE04EC0-301F-11D3-BF4B-00C04F79EFBC}") = "WebApplication1", "WebApplication1\WebApplication1.csproj", "{FD722E54-188D-457F-936C-8559B4E61031}"
EndProject
Global
	GlobalSection(SolutionConfigurationPlatforms) = preSolution
		Debug|Any CPU = Debug|Any CPU
		Release|Any CPU = Release|Any CPU
	EndGlobalSection
	GlobalSection(ProjectConfigurationPlatforms) = postSolution
		{FD722E54-188D-457F-936C-8559B4E61031}.Debug|Any CPU.ActiveCfg = Debug|Any CPU
		{FD722E54-188D-457F-936C-8559B4E61031}.Debug|Any CPU.Build.0 = Debug|Any CPU
		{FD722E54-188D-457F-936C-8559B4E61031}.Release|Any CPU.ActiveCfg = Release|Any CPU
		{FD722E54-188D-457F-936C-8559B4E61031}.Release|Any CPU.Build.0 = Release|Any CPU
	EndGlobalSection
	GlobalSection(SolutionProperties) = preSolution
		HideSolutionNode = FALSE
	EndGlobalSection
	GlobalSection(ExtensibilityGlobals) = postSolution
		SolutionGuid = {6CCC9FC1-0F03-4A81-B6BD-F7E27CF9A43F}
	EndGlobalSection
EndGlobal
